// !$*UTF8*$!
{
	archiveVersion = 1;
	classes = {
	};
	objectVersion = 48;
	objects = {

/* Begin PBXBuildFile section */
		9EBF0FB420265AEE00AA7AEC /* AppDelegate.swift in Sources */ = {isa = PBXBuildFile; fileRef = 9EBF0FB320265AEE00AA7AEC /* AppDelegate.swift */; };
		9EBF0FB620265AEE00AA7AEC /* ViewController.swift in Sources */ = {isa = PBXBuildFile; fileRef = 9EBF0FB520265AEE00AA7AEC /* ViewController.swift */; };
		9EBF0FB920265AEE00AA7AEC /* Main.storyboard in Resources */ = {isa = PBXBuildFile; fileRef = 9EBF0FB720265AEE00AA7AEC /* Main.storyboard */; };
		9EBF0FBB20265AEE00AA7AEC /* Pic1.xcassets in Resources */ = {isa = PBXBuildFile; fileRef = 9EBF0FBA20265AEE00AA7AEC /* Pic1.xcassets */; };
		9EBF0FBE20265AEE00AA7AEC /* LaunchScreen.storyboard in Resources */ = {isa = PBXBuildFile; fileRef = 9EBF0FBC20265AEE00AA7AEC /* LaunchScreen.storyboard */; };
/* End PBXBuildFile section */

/* Begin PBXFileReference section */
		9EBF0FB020265AEE00AA7AEC /* Blurry.app */ = {isa = PBXFileReference; explicitFileType = wrapper.application; includeInIndex = 0; path = Blurry.app; sourceTree = BUILT_PRODUCTS_DIR; };
		9EBF0FB320265AEE00AA7AEC /* AppDelegate.swift */ = {isa = PBXFileReference; lastKnownFileType = sourcecode.swift; path = AppDelegate.swift; sourceTree = "<group>"; };
		9EBF0FB520265AEE00AA7AEC /* ViewController.swift */ = {isa = PBXFileReference; lastKnownFileType = sourcecode.swift; path = ViewController.swift; sourceTree = "<group>"; };
		9EBF0FB820265AEE00AA7AEC /* Base */ = {isa = PBXFileReference; lastKnownFileType = file.storyboard; name = Base; path = Base.lproj/Main.storyboard; sourceTree = "<group>"; };
		9EBF0FBA20265AEE00AA7AEC /* Pic1.xcassets */ = {isa = PBXFileReference; lastKnownFileType = folder.assetcatalog; path = Pic1.xcassets; sourceTree = "<group>"; };
		9EBF0FBD20265AEE00AA7AEC /* Base */ = {isa = PBXFileReference; lastKnownFileType = file.storyboard; name = Base; path = Base.lproj/LaunchScreen.storyboard; sourceTree = "<group>"; };
		9EBF0FBF20265AEE00AA7AEC /* Info.plist */ = {isa = PBXFileReference; lastKnownFileType = text.plist.xml; path = Info.plist; sourceTree = "<group>"; };
/* End PBXFileReference section */

/* Begin PBXFrameworksBuildPhase section */
		9EBF0FAD20265AEE00AA7AEC /* Frameworks */ = {
			isa = PBXFrameworksBuildPhase;
			buildActionMask = 2147483647;
			files = (
			);
			runOnlyForDeploymentPostprocessing = 0;
		};
/* End PBXFrameworksBuildPhase section */

/* Begin PBXGroup section */
		9EBF0FA720265AEE00AA7AEC = {
			isa = PBXGroup;
			children = (
				9EBF0FB220265AEE00AA7AEC /* Blurry */,
				9EBF0FB120265AEE00AA7AEC /* Products */,
			);
			sourceTree = "<group>";
		};
		9EBF0FB120265AEE00AA7AEC /* Products */ = {
			isa = PBXGroup;
			children = (
				9EBF0FB020265AEE00AA7AEC /* Blurry.app */,
			);
			name = Products;
			sourceTree = "<group>";
		};
		9EBF0FB220265AEE00AA7AEC /* Blurry */ = {
			isa = PBXGroup;
			children = (
				9EBF0FB320265AEE00AA7AEC /* AppDelegate.swift */,
				9EBF0FB520265AEE00AA7AEC /* ViewController.swift */,
				9EBF0FB720265AEE00AA7AEC /* Main.storyboard */,
				9EBF0FBA20265AEE00AA7AEC /* Pic1.xcassets */,
				9EBF0FBC20265AEE00AA7AEC /* LaunchScreen.storyboard */,
				9EBF0FBF20265AEE00AA7AEC /* Info.plist */,
			);
			path = Blurry;
			sourceTree = "<group>";
		};
/* End PBXGroup section */

/* Begin PBXNativeTarget section */
		9EBF0FAF20265AEE00AA7AEC /* Blurry */ = {
			isa = PBXNativeTarget;
			buildConfigurationList = 9EBF0FC220265AEE00AA7AEC /* Build configuration list for PBXNativeTarget "Blurry" */;
			buildPhases = (
				9EBF0FAC20265AEE00AA7AEC /* Sources */,
				9EBF0FAD20265AEE00AA7AEC /* Frameworks */,
				9EBF0FAE20265AEE00AA7AEC /* Resources */,
			);
			buildRules = (
			);
			dependencies = (
			);
			name = Blurry;
			productName = Blurry;
			productReference = 9EBF0FB020265AEE00AA7AEC /* Blurry.app */;
			productType = "com.apple.product-type.application";
		};
/* End PBXNativeTarget section */

/* Begin PBXProject section */
		9EBF0FA820265AEE00AA7AEC /* Project object */ = {
			isa = PBXProject;
			attributes = {
				LastSwiftUpdateCheck = 0920;
				LastUpgradeCheck = 0920;
				ORGANIZATIONNAME = "Chris Pickett";
				TargetAttributes = {
					9EBF0FAF20265AEE00AA7AEC = {
						CreatedOnToolsVersion = 9.2;
						ProvisioningStyle = Automatic;
					};
				};
			};
			buildConfigurationList = 9EBF0FAB20265AEE00AA7AEC /* Build configuration list for PBXProject "Blurry" */;
			compatibilityVersion = "Xcode 8.0";
			developmentRegion = en;
			hasScannedForEncodings = 0;
			knownRegions = (
				en,
				Base,
			);
			mainGroup = 9EBF0FA720265AEE00AA7AEC;
			productRefGroup = 9EBF0FB120265AEE00AA7AEC /* Products */;
			projectDirPath = "";
			projectRoot = "";
			targets = (
				9EBF0FAF20265AEE00AA7AEC /* Blurry */,
			);
		};
/* End PBXProject section */

/* Begin PBXResourcesBuildPhase section */
		9EBF0FAE20265AEE00AA7AEC /* Resources */ = {
			isa = PBXResourcesBuildPhase;
			buildActionMask = 2147483647;
			files = (
				9EBF0FBE20265AEE00AA7AEC /* LaunchScreen.storyboard in Resources */,
				9EBF0FBB20265AEE00AA7AEC /* Pic1.xcassets in Resources */,
				9EBF0FB920265AEE00AA7AEC /* Main.storyboard in Resources */,
			);
			runOnlyForDeploymentPostprocessing = 0;
		};
/* End PBXResourcesBuildPhase section */

/* Begin PBXSourcesBuildPhase section */
		9EBF0FAC20265AEE00AA7AEC /* Sources */ = {
			isa = PBXSourcesBuildPhase;
			buildActionMask = 2147483647;
			files = (
				9EBF0FB620265AEE00AA7AEC /* ViewController.swift in Sources */,
				9EBF0FB420265AEE00AA7AEC /* AppDelegate.swift in Sources */,
			);
			runOnlyForDeploymentPostprocessing = 0;
		};
/* End PBXSourcesBuildPhase section */

/* Begin PBXVariantGroup section */
		9EBF0FB720265AEE00AA7AEC /* Main.storyboard */ = {
			isa = PBXVariantGroup;
			children = (
				9EBF0FB820265AEE00AA7AEC /* Base */,
			);
			name = Main.storyboard;
			sourceTree = "<group>";
		};
		9EBF0FBC20265AEE00AA7AEC /* LaunchScreen.storyboard */ = {
			isa = PBXVariantGroup;
			children = (
				9EBF0FBD20265AEE00AA7AEC /* Base */,
			);
			name = LaunchScreen.storyboard;
			sourceTree = "<group>";
		};
/* End PBXVariantGroup section */

/* Begin XCBuildConfiguration section */
		9EBF0FC020265AEE00AA7AEC /* Debug */ = {
			isa = XCBuildConfiguration;
			buildSettings = {
				ALWAYS_SEARCH_USER_PATHS = NO;
				CLANG_ANALYZER_NONNULL = YES;
				CLANG_ANALYZER_NUMBER_OBJECT_CONVERSION = YES_AGGRESSIVE;
				CLANG_CXX_LANGUAGE_STANDARD = "gnu++14";
				CLANG_CXX_LIBRARY = "libc++";
				CLANG_ENABLE_MODULES = YES;
				CLANG_ENABLE_OBJC_ARC = YES;
				CLANG_WARN_BLOCK_CAPTURE_AUTORELEASING = YES;
				CLANG_WARN_BOOL_CONVERSION = YES;
				CLANG_WARN_COMMA = YES;
				CLANG_WARN_CONSTANT_CONVERSION = YES;
				CLANG_WARN_DIRECT_OBJC_ISA_USAGE = YES_ERROR;
				CLANG_WARN_DOCUMENTATION_COMMENTS = YES;
				CLANG_WARN_EMPTY_BODY = YES;
				CLANG_WARN_ENUM_CONVERSION = YES;
				CLANG_WARN_INFINITE_RECURSION = YES;
				CLANG_WARN_INT_CONVERSION = YES;
				CLANG_WARN_NON_LITERAL_NULL_CONVERSION = YES;
				CLANG_WARN_OBJC_LITERAL_CONVERSION = YES;
				CLANG_WARN_OBJC_ROOT_CLASS = YES_ERROR;
				CLANG_WARN_RANGE_LOOP_ANALYSIS = YES;
				CLANG_WARN_STRICT_PROTOTYPES = YES;
				CLANG_WARN_SUSPICIOUS_MOVE = YES;
				CLANG_WARN_UNGUARDED_AVAILABILITY = YES_AGGRESSIVE;
				CLANG_WARN_UNREACHABLE_CODE = YES;
				CLANG_WARN__DUPLICATE_METHOD_MATCH = YES;
				CODE_SIGN_IDENTITY = "iPhone Developer";
				COPY_PHASE_STRIP = NO;
				DEBUG_INFORMATION_FORMAT = dwarf;
				ENABLE_STRICT_OBJC_MSGSEND = YES;
				ENABLE_TESTABILITY = YES;
				GCC_C_LANGUAGE_STANDARD = gnu11;
				GCC_DYNAMIC_NO_PIC = NO;
				GCC_NO_COMMON_BLOCKS = YES;
				GCC_OPTIMIZATION_LEVEL = 0;
				GCC_PREPROCESSOR_DEFINITIONS = (
					"DEBUG=1",
					"$(inherited)",
				);
				GCC_WARN_64_TO_32_BIT_CONVERSION = YES;
				GCC_WARN_ABOUT_RETURN_TYPE = YES_ERROR;
				GCC_WARN_UNDECLARED_SELECTOR = YES;
				GCC_WARN_UNINITIALIZED_AUTOS = YES_AGGRESSIVE;
				GCC_WARN_UNUSED_FUNCTION = YES;
				GCC_WARN_UNUSED_VARIABLE = YES;
				IPHONEOS_DEPLOYMENT_TARGET = 11.2;
				MTL_ENABLE_DEBUG_INFO = YES;
				ONLY_ACTIVE_ARCH = YES;
				SDKROOT = iphoneos;
				SWIFT_ACTIVE_COMPILATION_CONDITIONS = DEBUG;
				SWIFT_OPTIMIZATION_LEVEL = "-Onone";
			};
			name = Debug;
		};
		9EBF0FC120265AEE00AA7AEC /* Release */ = {
			isa = XCBuildConfiguration;
			buildSettings = {
				ALWAYS_SEARCH_USER_PATHS = NO;
				CLANG_ANALYZER_NONNULL = YES;
				CLANG_ANALYZER_NUMBER_OBJECT_CONVERSION = YES_AGGRESSIVE;
				CLANG_CXX_LANGUAGE_STANDARD = "gnu++14";
				CLANG_CXX_LIBRARY = "libc++";
				CLANG_ENABLE_MODULES = YES;
				CLANG_ENABLE_OBJC_ARC = YES;
				CLANG_WARN_BLOCK_CAPTURE_AUTORELEASING = YES;
				CLANG_WARN_BOOL_CONVERSION = YES;
				CLANG_WARN_COMMA = YES;
				CLANG_WARN_CONSTANT_CONVERSION = YES;
				CLANG_WARN_DIRECT_OBJC_ISA_USAGE = YES_ERROR;
				CLANG_WARN_DOCUMENTATION_COMMENTS = YES;
				CLANG_WARN_EMPTY_BODY = YES;
				CLANG_WARN_ENUM_CONVERSION = YES;
				CLANG_WARN_INFINITE_RECURSION = YES;
				CLANG_WARN_INT_CONVERSION = YES;
				CLANG_WARN_NON_LITERAL_NULL_CONVERSION = YES;
				CLANG_WARN_OBJC_LITERAL_CONVERSION = YES;
				CLANG_WARN_OBJC_ROOT_CLASS = YES_ERROR;
				CLANG_WARN_RANGE_LOOP_ANALYSIS = YES;
				CLANG_WARN_STRICT_PROTOTYPES = YES;
				CLANG_WARN_SUSPICIOUS_MOVE = YES;
				CLANG_WARN_UNGUARDED_AVAILABILITY = YES_AGGRESSIVE;
				CLANG_WARN_UNREACHABLE_CODE = YES;
				CLANG_WARN__DUPLICATE_METHOD_MATCH = YES;
				CODE_SIGN_IDENTITY = "iPhone Developer";
				COPY_PHASE_STRIP = NO;
				DEBUG_INFORMATION_FORMAT = "dwarf-with-dsym";
				ENABLE_NS_ASSERTIONS = NO;
				ENABLE_STRICT_OBJC_MSGSEND = YES;
				GCC_C_LANGUAGE_STANDARD = gnu11;
				GCC_NO_COMMON_BLOCKS = YES;
				GCC_WARN_64_TO_32_BIT_CONVERSION = YES;
				GCC_WARN_ABOUT_RETURN_TYPE = YES_ERROR;
				GCC_WARN_UNDECLARED_SELECTOR = YES;
				GCC_WARN_UNINITIALIZED_AUTOS = YES_AGGRESSIVE;
				GCC_WARN_UNUSED_FUNCTION = YES;
				GCC_WARN_UNUSED_VARIABLE = YES;
				IPHONEOS_DEPLOYMENT_TARGET = 11.2;
				MTL_ENABLE_DEBUG_INFO = NO;
				SDKROOT = iphoneos;
				SWIFT_OPTIMIZATION_LEVEL = "-Owholemodule";
				VALIDATE_PRODUCT = YES;
			};
			name = Release;
		};
		9EBF0FC320265AEE00AA7AEC /* Debug */ = {
			isa = XCBuildConfiguration;
			buildSettings = {
				ASSETCATALOG_COMPILER_APPICON_NAME = AppIcon;
				CODE_SIGN_STYLE = Automatic;
				DEVELOPMENT_TEAM = N2Y94YFN32;
				INFOPLIST_FILE = Blurry/Info.plist;
				LD_RUNPATH_SEARCH_PATHS = "$(inherited) @executable_path/Frameworks";
				PRODUCT_BUNDLE_IDENTIFIER = com.cpickett.Blurry;
				PRODUCT_NAME = "$(TARGET_NAME)";
				SWIFT_VERSION = 4.0;
				TARGETED_DEVICE_FAMILY = "1,2";
			};
			name = Debug;
		};
		9EBF0FC420265AEE00AA7AEC /* Release */ = {
			isa = XCBuildConfiguration;
			buildSettings = {
				ASSETCATALOG_COMPILER_APPICON_NAME = AppIcon;
				CODE_SIGN_STYLE = Automatic;
				DEVELOPMENT_TEAM = N2Y94YFN32;
				INFOPLIST_FILE = Blurry/Info.plist;
				LD_RUNPATH_SEARCH_PATHS = "$(inherited) @executable_path/Frameworks";
				PRODUCT_BUNDLE_IDENTIFIER = com.cpickett.Blurry;
				PRODUCT_NAME = "$(TARGET_NAME)";
				SWIFT_VERSION = 4.0;
				TARGETED_DEVICE_FAMILY = "1,2";
			};
			name = Release;
		};
/* End XCBuildConfiguration section */

/* Begin XCConfigurationList section */
		9EBF0FAB20265AEE00AA7AEC /* Build configuration list for PBXProject "Blurry" */ = {
			isa = XCConfigurationList;
			buildConfigurations = (
				9EBF0FC020265AEE00AA7AEC /* Debug */,
				9EBF0FC120265AEE00AA7AEC /* Release */,
			);
			defaultConfigurationIsVisible = 0;
			defaultConfigurationName = Release;
		};
		9EBF0FC220265AEE00AA7AEC /* Build configuration list for PBXNativeTarget "Blurry" */ = {
			isa = XCConfigurationList;
			buildConfigurations = (
				9EBF0FC320265AEE00AA7AEC /* Debug */,
				9EBF0FC420265AEE00AA7AEC /* Release */,
			);
			defaultConfigurationIsVisible = 0;
			defaultConfigurationName = Release;
		};
/* End XCConfigurationList section */
	};
	rootObject = 9EBF0FA820265AEE00AA7AEC /* Project object */;
}
